DEPENDENCIES
  rbenv
    git: https://github.com/fnichol/chef-rbenv.git
    revision: 0a3018634bafe58ad21c6ee271af015220e444b9
  ruby_build
    git: https://github.com/fnichol/chef-ruby_build.git
    revision: 4d3361995a6953076951693eff1b326ab499fe1e

GRAPH
  java (1.31.0)
  rbenv (0.7.3)
    java (> 1.4.0)
    ruby_build (>= 0.0.0)
  ruby_build (0.8.1)
